{
  "name": "telebezel-browser-tests",
  "version": "1.0.0",
  "lockfileVersion": 3,
  "requires": true,
  "packages": {
    "": {
      "name": "telebezel-browser-tests",
      "version": "1.0.0",
      "devDependencies": {
        "agent-browser": "0.34.0"
      }
    },
    "node_modules/agent-browser": {
      "version": "0.34.0",
      "resolved": "https://registry.npmjs.org/agent-browser/-/agent-browser-0.34.0.tgz",
      "integrity": "sha512-eR6Ey4I/DMs9zZ60b3ziV6pgLIgpxXWzggr3dfFbtskLmeXPJAgXCIIwVL4PihVYJqEUpvWgUKlZ2CIjY1u44g==",
      "dev": true,
      "hasInstallScript": true,
      "license": "Apache-2.0",
      "bin": {
        "agent-browser": "bin/agent-browser.js"
      },
      "engines": {
        "node": ">=24.0.0",
        "pnpm": ">=11.0.0"
      }
    }
  }
}
